
Microsoft Visual Studio Solution File, Format Version 12.00
# Visual Studio 14
VisualStudioVersion = 14.0.25123.0
MinimumVisualStudioVersion = 10.0.40219.1
Project("{FAE04EC0-301F-11D3-BF4B-00C04F79EFBC}") = "WCF.BufferedFileTransfer", "WCF.BufferedFileTransfer\WCF.BufferedFileTransfer.csproj", "{F20815B1-2A68-486F-9102-65B16CE92691}"
EndProject
Project("{FAE04EC0-301F-11D3-BF4B-00C04F79EFBC}") = "WCF.BufferedFileTransfer.Test", "WCF.BufferedFileTransfer.Test\WCF.BufferedFileTransfer.Test.csproj", "{652CC4B2-3745-4D88-94B8-3A67992099B8}"
EndProject
Global
	GlobalSection(SolutionConfigurationPlatforms) = preSolution
		Debug|Any CPU = Debug|Any CPU
		Release|Any CPU = Release|Any CPU
	EndGlobalSection
	GlobalSection(ProjectConfigurationPlatforms) = postSolution
		{F20815B1-2A68-486F-9102-65B16CE92691}.Debug|Any CPU.ActiveCfg = Debug|Any CPU
		{F20815B1-2A68-486F-9102-65B16CE92691}.Debug|Any CPU.Build.0 = Debug|Any CPU
		{F20815B1-2A68-486F-9102-65B16CE92691}.Release|Any CPU.ActiveCfg = Release|Any CPU
		{F20815B1-2A68-486F-9102-65B16CE92691}.Release|Any CPU.Build.0 = Release|Any CPU
		{652CC4B2-3745-4D88-94B8-3A67992099B8}.Debug|Any CPU.ActiveCfg = Debug|Any CPU
		{652CC4B2-3745-4D88-94B8-3A67992099B8}.Debug|Any CPU.Build.0 = Debug|Any CPU
		{652CC4B2-3745-4D88-94B8-3A67992099B8}.Release|Any CPU.ActiveCfg = Release|Any CPU
		{652CC4B2-3745-4D88-94B8-3A67992099B8}.Release|Any CPU.Build.0 = Release|Any CPU
	EndGlobalSection
	GlobalSection(SolutionProperties) = preSolution
		HideSolutionNode = FALSE
	EndGlobalSection
EndGlobal
